{
  "name": "SE",
  "lockfileVersion": 3,
  "requires": true,
  "packages": {
    "": {
      "dependencies": {
        "@minecraft/math": "^2.4.0",
        "@minecraft/server": "^2.7.0-beta.1.26.14-stable",
        "@minecraft/server-ui": "^2.1.0-beta.1.26.30-preview.27"
      }
    },
    "node_modules/@minecraft/common": {
      "version": "1.3.0",
      "resolved": "https://registry.npmjs.org/@minecraft/common/-/common-1.3.0.tgz",
      "integrity": "sha512-GLT8USFhvEyeTTFHZAgszbrnoT007hmXmK+aO4l+2A1up9/zwZ+4e8R8F0KcKrCWDjLEqkOJtPow0hQCcNJ++Q==",
      "license": "MIT",
      "peer": true
    },
    "node_modules/@minecraft/math": {
      "version": "2.4.0",
      "resolved": "https://registry.npmjs.org/@minecraft/math/-/math-2.4.0.tgz",
      "integrity": "sha512-/sMeFLKgmAUw491RUH6+yMmeJpvKy3oeWpkvX17OQjSC7Px9AgkJI6ESLmGSwPTsSm8L3EMJ4Sz6n6crtcYd/A==",
      "license": "MIT",
      "peerDependencies": {
        "@minecraft/server": "^1.15.0 || ^2.0.0"
      }
    },
    "node_modules/@minecraft/server": {
      "version": "2.7.0",
      "resolved": "https://registry.npmjs.org/@minecraft/server/-/server-2.7.0.tgz",
      "integrity": "sha512-2gI80wxSBQ/U6JvGVYVDlbbSOywU8WPy6b5lvfetkWCKU+c//7UdY6dDAU2DkKmR/DzxmPqyy7YAKXwGJduRWQ==",
      "license": "MIT",
      "peerDependencies": {
        "@minecraft/common": "^1.2.0",
        "@minecraft/vanilla-data": ">=1.20.70"
      }
    },
    "node_modules/@minecraft/server-ui": {
      "version": "2.1.0-beta.1.26.30-preview.27",
      "resolved": "https://registry.npmjs.org/@minecraft/server-ui/-/server-ui-2.1.0-beta.1.26.30-preview.27.tgz",
      "integrity": "sha512-ViOyPTy30JOZ4GXmbJbwqCgs8r0Tmiq3sZ1vqC2gF/BXMouJVlcWIa5EJZJNuEZvGqizJkSozN89FDnzxXQRvQ==",
      "license": "MIT",
      "peerDependencies": {
        "@minecraft/common": "^1.0.0",
        "@minecraft/server": "^2.0.0 || ^2.9.0-beta.1.26.30-preview.27"
      }
    },
    "node_modules/@minecraft/vanilla-data": {
      "version": "1.26.20",
      "resolved": "https://registry.npmjs.org/@minecraft/vanilla-data/-/vanilla-data-1.26.20.tgz",
      "integrity": "sha512-bscvQ8TTQBWy/4PQj/XUFJuYDfjcEi2I4TTkn8aZpbY13tpFM+plviuprx0DGC2rMPZRWO1pizM51dx76sbpKw==",
      "license": "MIT",
      "peer": true
    }
  }
}
